
Microsoft Visual Studio Solution File, Format Version 12.00
# Visual Studio Version 17
VisualStudioVersion = 17.10.35122.118
MinimumVisualStudioVersion = 10.0.40219.1
Project("{FAE04EC0-301F-11D3-BF4B-00C04F79EFBC}") = "NunitSeleniumTraining", "NunitSeleniumTraining\NunitSeleniumTraining.csproj", "{66BEE184-3EC1-4F00-B70E-36FB154D229D}"
EndProject
Global
	GlobalSection(SolutionConfigurationPlatforms) = preSolution
		Debug|Any CPU = Debug|Any CPU
		Release|Any CPU = Release|Any CPU
	EndGlobalSection
	GlobalSection(ProjectConfigurationPlatforms) = postSolution
		{66BEE184-3EC1-4F00-B70E-36FB154D229D}.Debug|Any CPU.ActiveCfg = Debug|Any CPU
		{66BEE184-3EC1-4F00-B70E-36FB154D229D}.Debug|Any CPU.Build.0 = Debug|Any CPU
		{66BEE184-3EC1-4F00-B70E-36FB154D229D}.Release|Any CPU.ActiveCfg = Release|Any CPU
		{66BEE184-3EC1-4F00-B70E-36FB154D229D}.Release|Any CPU.Build.0 = Release|Any CPU
	EndGlobalSection
	GlobalSection(SolutionProperties) = preSolution
		HideSolutionNode = FALSE
	EndGlobalSection
	GlobalSection(ExtensibilityGlobals) = postSolution
		SolutionGuid = {29338B1C-EB5F-4E6C-9C72-EFB477DDEDB1}
	EndGlobalSection
EndGlobal
